
Microsoft Visual Studio Solution File, Format Version 12.00
# Visual Studio Version 17
VisualStudioVersion = 17.5.33530.505
MinimumVisualStudioVersion = 10.0.40219.1
Project("{FAE04EC0-301F-11D3-BF4B-00C04F79EFBC}") = "SAT-TeamProgramming.UI.MVC", "SAT-TeamProgramming.UI.MVC\SAT-TeamProgramming.UI.MVC.csproj", "{5ED9799C-C636-4869-A823-7DBD6D1FEF04}"
EndProject
Global
	GlobalSection(SolutionConfigurationPlatforms) = preSolution
		Debug|Any CPU = Debug|Any CPU
		Release|Any CPU = Release|Any CPU
	EndGlobalSection
	GlobalSection(ProjectConfigurationPlatforms) = postSolution
		{5ED9799C-C636-4869-A823-7DBD6D1FEF04}.Debug|Any CPU.ActiveCfg = Debug|Any CPU
		{5ED9799C-C636-4869-A823-7DBD6D1FEF04}.Debug|Any CPU.Build.0 = Debug|Any CPU
		{5ED9799C-C636-4869-A823-7DBD6D1FEF04}.Release|Any CPU.ActiveCfg = Release|Any CPU
		{5ED9799C-C636-4869-A823-7DBD6D1FEF04}.Release|Any CPU.Build.0 = Release|Any CPU
	EndGlobalSection
	GlobalSection(SolutionProperties) = preSolution
		HideSolutionNode = FALSE
	EndGlobalSection
	GlobalSection(ExtensibilityGlobals) = postSolution
		SolutionGuid = {5213DF3E-4956-439C-827D-E2D453F3974A}
	EndGlobalSection
EndGlobal
